
Microsoft Visual Studio Solution File, Format Version 12.00
# Visual Studio Version 17
VisualStudioVersion = 17.3.32929.385
MinimumVisualStudioVersion = 10.0.40219.1
Project("{FAE04EC0-301F-11D3-BF4B-00C04F79EFBC}") = "Modelo.ORM", "Modelo.ORM\Modelo.ORM.csproj", "{1380A369-3DE5-4B85-B4B0-F7C5575B998F}"
EndProject
Project("{FAE04EC0-301F-11D3-BF4B-00C04F79EFBC}") = "Modelo.Helper", "Modelo.Helper\Modelo.Helper.csproj", "{9708A69C-5FAE-4BA1-9F98-13CF8265F32D}"
EndProject
Global
	GlobalSection(SolutionConfigurationPlatforms) = preSolution
		Debug|Any CPU = Debug|Any CPU
		Release|Any CPU = Release|Any CPU
	EndGlobalSection
	GlobalSection(ProjectConfigurationPlatforms) = postSolution
		{1380A369-3DE5-4B85-B4B0-F7C5575B998F}.Debug|Any CPU.ActiveCfg = Debug|Any CPU
		{1380A369-3DE5-4B85-B4B0-F7C5575B998F}.Debug|Any CPU.Build.0 = Debug|Any CPU
		{1380A369-3DE5-4B85-B4B0-F7C5575B998F}.Release|Any CPU.ActiveCfg = Release|Any CPU
		{1380A369-3DE5-4B85-B4B0-F7C5575B998F}.Release|Any CPU.Build.0 = Release|Any CPU
		{9708A69C-5FAE-4BA1-9F98-13CF8265F32D}.Debug|Any CPU.ActiveCfg = Debug|Any CPU
		{9708A69C-5FAE-4BA1-9F98-13CF8265F32D}.Debug|Any CPU.Build.0 = Debug|Any CPU
		{9708A69C-5FAE-4BA1-9F98-13CF8265F32D}.Release|Any CPU.ActiveCfg = Release|Any CPU
		{9708A69C-5FAE-4BA1-9F98-13CF8265F32D}.Release|Any CPU.Build.0 = Release|Any CPU
	EndGlobalSection
	GlobalSection(SolutionProperties) = preSolution
		HideSolutionNode = FALSE
	EndGlobalSection
	GlobalSection(ExtensibilityGlobals) = postSolution
		SolutionGuid = {785EAB74-23AC-49E0-AC7F-95385E1FF900}
	EndGlobalSection
EndGlobal
